# THIS IS AN AUTOGENERATED FILE. DO NOT EDIT THIS FILE DIRECTLY.
# yarn lockfile v1


base64-js@0.0.2:
  version "0.0.2"
  resolved "https://registry.yarnpkg.com/base64-js/-/base64-js-0.0.2.tgz#024f0f72afa25b75f9c0ee73cd4f55ec1bed9784"

bops@0.0.3:
  version "0.0.3"
  resolved "https://registry.yarnpkg.com/bops/-/bops-0.0.3.tgz#c5cbf6fea8be7401ca5ea6d1679e6c4e8b407c79"
  dependencies:
    base64-js "0.0.2"
    to-utf8 "0.0.1"

duplex@~1.0.0:
  version "1.0.0"
  resolved "http://registry.npmjs.org/duplex/-/duplex-1.0.0.tgz#6abc5c16ec17e4c578578727126700590d3a2dda"

emit-function@0.0.2:
  version "0.0.2"
  resolved "https://registry.yarnpkg.com/emit-function/-/emit-function-0.0.2.tgz#e3a50b3d61be1bf8ca88b924bf713157a5bec124"

git-fetch-pack@0.1.1:
  version "0.1.1"
  resolved "https://registry.yarnpkg.com/git-fetch-pack/-/git-fetch-pack-0.1.1.tgz#7703a32cf0db80f060d2766a34ac00d02cebcdf5"
  dependencies:
    bops "0.0.3"
    emit-function "0.0.2"
    git-packed-ref-parse "0.0.0"
    through "~2.2.7"

git-packed-ref-parse@0.0.0:
  version "0.0.0"
  resolved "https://registry.yarnpkg.com/git-packed-ref-parse/-/git-packed-ref-parse-0.0.0.tgz#b85046931f3e4a65679b5de54af3a5d3df372646"
  dependencies:
    line-stream "0.0.0"
    through "~2.2.7"

git-read-pkt-line@0.0.8:
  version "0.0.8"
  resolved "https://registry.yarnpkg.com/git-read-pkt-line/-/git-read-pkt-line-0.0.8.tgz#494037854ed57bd90cd55676540d86ab0cb36caa"
  dependencies:
    bops "0.0.3"
    through "~2.2.7"

git-transport-protocol@0.1.0:
  version "0.1.0"
  resolved "https://registry.yarnpkg.com/git-transport-protocol/-/git-transport-protocol-0.1.0.tgz#99f4dd6389b9161eded74a9e617d6ba5ed0a6c2c"
  dependencies:
    duplex "~1.0.0"
    emit-function "0.0.2"
    git-read-pkt-line "0.0.8"
    git-write-pkt-line "0.1.0"
    through "~2.2.7"

git-write-pkt-line@0.1.0:
  version "0.1.0"
  resolved "https://registry.yarnpkg.com/git-write-pkt-line/-/git-write-pkt-line-0.1.0.tgz#a84c1856c09011908389b2f06f911d91f6394694"
  dependencies:
    bops "0.0.3"
    through "~2.2.7"

line-stream@0.0.0:
  version "0.0.0"
  resolved "https://registry.yarnpkg.com/line-stream/-/line-stream-0.0.0.tgz#888b7cc7951c6a05ce4d696dd1e6b8262371bb45"
  dependencies:
    through "~2.2.0"

through@~2.2.0, through@~2.2.7:
  version "2.2.7"
  resolved "http://registry.npmjs.org/through/-/through-2.2.7.tgz#6e8e21200191d4eb6a99f6f010df46aa1c6eb2bd"

to-utf8@0.0.1:
  version "0.0.1"
  resolved "https://registry.yarnpkg.com/to-utf8/-/to-utf8-0.0.1.tgz#d17aea72ff2fba39b9e43601be7b3ff72e089852"
